
Microsoft Visual Studio Solution File, Format Version 12.00
# Visual Studio 15
VisualStudioVersion = 15.0.26730.12
MinimumVisualStudioVersion = 10.0.40219.1
Project("{9A19103F-16F7-4668-BE54-9A1E7A4F7556}") = "HttpBatchHandler", "src\HttpBatchHandler\HttpBatchHandler.csproj", "{4BB4B450-3407-4B95-A504-19C1A678B83C}"
EndProject
Project("{9A19103F-16F7-4668-BE54-9A1E7A4F7556}") = "HttpBatchHandler.Tests", "test\HttpBatchHandler.Tests\HttpBatchHandler.Tests.csproj", "{9446A0ED-4D0C-463E-9395-0E22830E4DEA}"
EndProject
Project("{FAE04EC0-301F-11D3-BF4B-00C04F79EFBC}") = "HttpBatchHandler.Website", "test\HttpBatchHandler.Website\HttpBatchHandler.Website.csproj", "{30ABB2A7-8028-4098-89AD-C83E08D3390D}"
EndProject
Global
	GlobalSection(SolutionConfigurationPlatforms) = preSolution
		Debug|Any CPU = Debug|Any CPU
		Release|Any CPU = Release|Any CPU
	EndGlobalSection
	GlobalSection(ProjectConfigurationPlatforms) = postSolution
		{4BB4B450-3407-4B95-A504-19C1A678B83C}.Debug|Any CPU.ActiveCfg = Debug|Any CPU
		{4BB4B450-3407-4B95-A504-19C1A678B83C}.Debug|Any CPU.Build.0 = Debug|Any CPU
		{4BB4B450-3407-4B95-A504-19C1A678B83C}.Release|Any CPU.ActiveCfg = Release|Any CPU
		{4BB4B450-3407-4B95-A504-19C1A678B83C}.Release|Any CPU.Build.0 = Release|Any CPU
		{9446A0ED-4D0C-463E-9395-0E22830E4DEA}.Debug|Any CPU.ActiveCfg = Debug|Any CPU
		{9446A0ED-4D0C-463E-9395-0E22830E4DEA}.Debug|Any CPU.Build.0 = Debug|Any CPU
		{9446A0ED-4D0C-463E-9395-0E22830E4DEA}.Release|Any CPU.ActiveCfg = Release|Any CPU
		{9446A0ED-4D0C-463E-9395-0E22830E4DEA}.Release|Any CPU.Build.0 = Release|Any CPU
		{30ABB2A7-8028-4098-89AD-C83E08D3390D}.Debug|Any CPU.ActiveCfg = Debug|Any CPU
		{30ABB2A7-8028-4098-89AD-C83E08D3390D}.Debug|Any CPU.Build.0 = Debug|Any CPU
		{30ABB2A7-8028-4098-89AD-C83E08D3390D}.Release|Any CPU.ActiveCfg = Release|Any CPU
		{30ABB2A7-8028-4098-89AD-C83E08D3390D}.Release|Any CPU.Build.0 = Release|Any CPU
	EndGlobalSection
	GlobalSection(SolutionProperties) = preSolution
		HideSolutionNode = FALSE
	EndGlobalSection
	GlobalSection(ExtensibilityGlobals) = postSolution
		SolutionGuid = {0661CE0D-AB2E-4736-A2D4-3A30E1F47295}
	EndGlobalSection
EndGlobal
